
Microsoft Visual Studio Solution File, Format Version 12.00
# Visual Studio Version 17
VisualStudioVersion = 17.0.32112.339
MinimumVisualStudioVersion = 10.0.40219.1
Project("{FAE04EC0-301F-11D3-BF4B-00C04F79EFBC}") = "M17AB_LojaRoupas", "M17AB_LojaRoupas\M17AB_LojaRoupas.csproj", "{762E3AEF-D09D-421D-A951-9373778F5BEE}"
EndProject
Global
	GlobalSection(SolutionConfigurationPlatforms) = preSolution
		Debug|Any CPU = Debug|Any CPU
		Release|Any CPU = Release|Any CPU
	EndGlobalSection
	GlobalSection(ProjectConfigurationPlatforms) = postSolution
		{762E3AEF-D09D-421D-A951-9373778F5BEE}.Debug|Any CPU.ActiveCfg = Debug|Any CPU
		{762E3AEF-D09D-421D-A951-9373778F5BEE}.Debug|Any CPU.Build.0 = Debug|Any CPU
		{762E3AEF-D09D-421D-A951-9373778F5BEE}.Release|Any CPU.ActiveCfg = Release|Any CPU
		{762E3AEF-D09D-421D-A951-9373778F5BEE}.Release|Any CPU.Build.0 = Release|Any CPU
	EndGlobalSection
	GlobalSection(SolutionProperties) = preSolution
		HideSolutionNode = FALSE
	EndGlobalSection
	GlobalSection(ExtensibilityGlobals) = postSolution
		SolutionGuid = {E5C9408D-48C8-47ED-A31D-F200F8F6D26C}
	EndGlobalSection
EndGlobal
